
Microsoft Visual Studio Solution File, Format Version 11.00
# Visual Studio 2010
Project("{FAE04EC0-301F-11D3-BF4B-00C04F79EFBC}") = "QuickSMS", "QuickSMS\QuickSMS.csproj", "{687B3315-A524-4EA7-BC93-98C2A476EA5C}"
EndProject
Project("{54435603-DBB4-11D2-8724-00A0C9A8B90C}") = "QuickSMS_Setup", "QuickSMS_Setup\QuickSMS_Setup.vdproj", "{C9196FCF-B992-4AD6-BCF4-B9C483C4908B}"
EndProject
Project("{FAE04EC0-301F-11D3-BF4B-00C04F79EFBC}") = "SMSPDULib", "smspdulibsrc\SMSPDULib.csproj", "{B97FF6EB-F55D-46C8-B63D-6DDF4B7802C7}"
EndProject
Global
	GlobalSection(SolutionConfigurationPlatforms) = preSolution
		Debug|Any CPU = Debug|Any CPU
		Debug|Mixed Platforms = Debug|Mixed Platforms
		Debug|x86 = Debug|x86
		Release|Any CPU = Release|Any CPU
		Release|Mixed Platforms = Release|Mixed Platforms
		Release|x86 = Release|x86
	EndGlobalSection
	GlobalSection(ProjectConfigurationPlatforms) = postSolution
		{687B3315-A524-4EA7-BC93-98C2A476EA5C}.Debug|Any CPU.ActiveCfg = Debug|x86
		{687B3315-A524-4EA7-BC93-98C2A476EA5C}.Debug|Mixed Platforms.ActiveCfg = Debug|x86
		{687B3315-A524-4EA7-BC93-98C2A476EA5C}.Debug|Mixed Platforms.Build.0 = Debug|x86
		{687B3315-A524-4EA7-BC93-98C2A476EA5C}.Debug|x86.ActiveCfg = Debug|x86
		{687B3315-A524-4EA7-BC93-98C2A476EA5C}.Debug|x86.Build.0 = Debug|x86
		{687B3315-A524-4EA7-BC93-98C2A476EA5C}.Release|Any CPU.ActiveCfg = Release|x86
		{687B3315-A524-4EA7-BC93-98C2A476EA5C}.Release|Mixed Platforms.ActiveCfg = Release|x86
		{687B3315-A524-4EA7-BC93-98C2A476EA5C}.Release|Mixed Platforms.Build.0 = Release|x86
		{687B3315-A524-4EA7-BC93-98C2A476EA5C}.Release|x86.ActiveCfg = Release|x86
		{687B3315-A524-4EA7-BC93-98C2A476EA5C}.Release|x86.Build.0 = Release|x86
		{C9196FCF-B992-4AD6-BCF4-B9C483C4908B}.Debug|Any CPU.ActiveCfg = Debug
		{C9196FCF-B992-4AD6-BCF4-B9C483C4908B}.Debug|Any CPU.Build.0 = Debug
		{C9196FCF-B992-4AD6-BCF4-B9C483C4908B}.Debug|Mixed Platforms.ActiveCfg = Debug
		{C9196FCF-B992-4AD6-BCF4-B9C483C4908B}.Debug|Mixed Platforms.Build.0 = Debug
		{C9196FCF-B992-4AD6-BCF4-B9C483C4908B}.Debug|x86.ActiveCfg = Debug
		{C9196FCF-B992-4AD6-BCF4-B9C483C4908B}.Release|Any CPU.ActiveCfg = Release
		{C9196FCF-B992-4AD6-BCF4-B9C483C4908B}.Release|Any CPU.Build.0 = Release
		{C9196FCF-B992-4AD6-BCF4-B9C483C4908B}.Release|Mixed Platforms.ActiveCfg = Release
		{C9196FCF-B992-4AD6-BCF4-B9C483C4908B}.Release|Mixed Platforms.Build.0 = Release
		{C9196FCF-B992-4AD6-BCF4-B9C483C4908B}.Release|x86.ActiveCfg = Release
		{B97FF6EB-F55D-46C8-B63D-6DDF4B7802C7}.Debug|Any CPU.ActiveCfg = Debug|Any CPU
		{B97FF6EB-F55D-46C8-B63D-6DDF4B7802C7}.Debug|Any CPU.Build.0 = Debug|Any CPU
		{B97FF6EB-F55D-46C8-B63D-6DDF4B7802C7}.Debug|Mixed Platforms.ActiveCfg = Debug|Any CPU
		{B97FF6EB-F55D-46C8-B63D-6DDF4B7802C7}.Debug|Mixed Platforms.Build.0 = Debug|Any CPU
		{B97FF6EB-F55D-46C8-B63D-6DDF4B7802C7}.Debug|x86.ActiveCfg = Debug|Any CPU
		{B97FF6EB-F55D-46C8-B63D-6DDF4B7802C7}.Release|Any CPU.ActiveCfg = Release|Any CPU
		{B97FF6EB-F55D-46C8-B63D-6DDF4B7802C7}.Release|Any CPU.Build.0 = Release|Any CPU
		{B97FF6EB-F55D-46C8-B63D-6DDF4B7802C7}.Release|Mixed Platforms.ActiveCfg = Release|Any CPU
		{B97FF6EB-F55D-46C8-B63D-6DDF4B7802C7}.Release|Mixed Platforms.Build.0 = Release|Any CPU
		{B97FF6EB-F55D-46C8-B63D-6DDF4B7802C7}.Release|x86.ActiveCfg = Release|Any CPU
	EndGlobalSection
	GlobalSection(SolutionProperties) = preSolution
		HideSolutionNode = FALSE
	EndGlobalSection
EndGlobal
